
Microsoft Visual Studio Solution File, Format Version 12.00
# Visual Studio Version 17
VisualStudioVersion = 17.5.33530.505
MinimumVisualStudioVersion = 10.0.40219.1
Project("{FAE04EC0-301F-11D3-BF4B-00C04F79EFBC}") = "CharCount", "CharCount\CharCount.csproj", "{7276EADE-3593-4022-9D17-CD930D6A61C3}"
EndProject
Global
	GlobalSection(SolutionConfigurationPlatforms) = preSolution
		Debug|Any CPU = Debug|Any CPU
		Release|Any CPU = Release|Any CPU
	EndGlobalSection
	GlobalSection(ProjectConfigurationPlatforms) = postSolution
		{7276EADE-3593-4022-9D17-CD930D6A61C3}.Debug|Any CPU.ActiveCfg = Debug|Any CPU
		{7276EADE-3593-4022-9D17-CD930D6A61C3}.Debug|Any CPU.Build.0 = Debug|Any CPU
		{7276EADE-3593-4022-9D17-CD930D6A61C3}.Release|Any CPU.ActiveCfg = Release|Any CPU
		{7276EADE-3593-4022-9D17-CD930D6A61C3}.Release|Any CPU.Build.0 = Release|Any CPU
	EndGlobalSection
	GlobalSection(SolutionProperties) = preSolution
		HideSolutionNode = FALSE
	EndGlobalSection
	GlobalSection(ExtensibilityGlobals) = postSolution
		SolutionGuid = {6A67E56F-9A29-4479-AC6D-5927D26E2352}
	EndGlobalSection
EndGlobal
